// !$*UTF8*$!
{
	archiveVersion = 1;
	classes = {
	};
	objectVersion = 50;
	objects = {

/* Begin PBXBuildFile section */
		1F6F9648256FEB3900C162CD /* JSONApp.swift in Sources */ = {isa = PBXBuildFile; fileRef = 1F6F9647256FEB3900C162CD /* JSONApp.swift */; };
		1F6F964A256FEB3900C162CD /* ContentView.swift in Sources */ = {isa = PBXBuildFile; fileRef = 1F6F9649256FEB3900C162CD /* ContentView.swift */; };
		1F6F964C256FEB4000C162CD /* Assets.xcassets in Resources */ = {isa = PBXBuildFile; fileRef = 1F6F964B256FEB4000C162CD /* Assets.xcassets */; };
		1F6F964F256FEB4000C162CD /* Preview Assets.xcassets in Resources */ = {isa = PBXBuildFile; fileRef = 1F6F964E256FEB4000C162CD /* Preview Assets.xcassets */; };
		1F6F965A256FEB4100C162CD /* JSONTests.swift in Sources */ = {isa = PBXBuildFile; fileRef = 1F6F9659256FEB4100C162CD /* JSONTests.swift */; };
		1F6F9665256FEB4100C162CD /* JSONUITests.swift in Sources */ = {isa = PBXBuildFile; fileRef = 1F6F9664256FEB4100C162CD /* JSONUITests.swift */; };
/* End PBXBuildFile section */

/* Begin PBXContainerItemProxy section */
		1F6F9656256FEB4100C162CD /* PBXContainerItemProxy */ = {
			isa = PBXContainerItemProxy;
			containerPortal = 1F6F963C256FEB3900C162CD /* Project object */;
			proxyType = 1;
			remoteGlobalIDString = 1F6F9643256FEB3900C162CD;
			remoteInfo = JSON;
		};
		1F6F9661256FEB4100C162CD /* PBXContainerItemProxy */ = {
			isa = PBXContainerItemProxy;
			containerPortal = 1F6F963C256FEB3900C162CD /* Project object */;
			proxyType = 1;
			remoteGlobalIDString = 1F6F9643256FEB3900C162CD;
			remoteInfo = JSON;
		};
/* End PBXContainerItemProxy section */

/* Begin PBXFileReference section */
		1F6F9644256FEB3900C162CD /* JSON.app */ = {isa = PBXFileReference; explicitFileType = wrapper.application; includeInIndex = 0; path = JSON.app; sourceTree = BUILT_PRODUCTS_DIR; };
		1F6F9647256FEB3900C162CD /* JSONApp.swift */ = {isa = PBXFileReference; lastKnownFileType = sourcecode.swift; path = JSONApp.swift; sourceTree = "<group>"; };
		1F6F9649256FEB3900C162CD /* ContentView.swift */ = {isa = PBXFileReference; lastKnownFileType = sourcecode.swift; path = ContentView.swift; sourceTree = "<group>"; };
		1F6F964B256FEB4000C162CD /* Assets.xcassets */ = {isa = PBXFileReference; lastKnownFileType = folder.assetcatalog; path = Assets.xcassets; sourceTree = "<group>"; };
		1F6F964E256FEB4000C162CD /* Preview Assets.xcassets */ = {isa = PBXFileReference; lastKnownFileType = folder.assetcatalog; path = "Preview Assets.xcassets"; sourceTree = "<group>"; };
		1F6F9650256FEB4000C162CD /* Info.plist */ = {isa = PBXFileReference; lastKnownFileType = text.plist.xml; path = Info.plist; sourceTree = "<group>"; };
		1F6F9655256FEB4100C162CD /* JSONTests.xctest */ = {isa = PBXFileReference; explicitFileType = wrapper.cfbundle; includeInIndex = 0; path = JSONTests.xctest; sourceTree = BUILT_PRODUCTS_DIR; };
		1F6F9659256FEB4100C162CD /* JSONTests.swift */ = {isa = PBXFileReference; lastKnownFileType = sourcecode.swift; path = JSONTests.swift; sourceTree = "<group>"; };
		1F6F965B256FEB4100C162CD /* Info.plist */ = {isa = PBXFileReference; lastKnownFileType = text.plist.xml; path = Info.plist; sourceTree = "<group>"; };
		1F6F9660256FEB4100C162CD /* JSONUITests.xctest */ = {isa = PBXFileReference; explicitFileType = wrapper.cfbundle; includeInIndex = 0; path = JSONUITests.xctest; sourceTree = BUILT_PRODUCTS_DIR; };
		1F6F9664256FEB4100C162CD /* JSONUITests.swift */ = {isa = PBXFileReference; lastKnownFileType = sourcecode.swift; path = JSONUITests.swift; sourceTree = "<group>"; };
		1F6F9666256FEB4100C162CD /* Info.plist */ = {isa = PBXFileReference; lastKnownFileType = text.plist.xml; path = Info.plist; sourceTree = "<group>"; };
/* End PBXFileReference section */

/* Begin PBXFrameworksBuildPhase section */
		1F6F9641256FEB3900C162CD /* Frameworks */ = {
			isa = PBXFrameworksBuildPhase;
			buildActionMask = 2147483647;
			files = (
			);
			runOnlyForDeploymentPostprocessing = 0;
		};
		1F6F9652256FEB4100C162CD /* Frameworks */ = {
			isa = PBXFrameworksBuildPhase;
			buildActionMask = 2147483647;
			files = (
			);
			runOnlyForDeploymentPostprocessing = 0;
		};
		1F6F965D256FEB4100C162CD /* Frameworks */ = {
			isa = PBXFrameworksBuildPhase;
			buildActionMask = 2147483647;
			files = (
			);
			runOnlyForDeploymentPostprocessing = 0;
		};
/* End PBXFrameworksBuildPhase section */

/* Begin PBXGroup section */
		1F6F963B256FEB3900C162CD = {
			isa = PBXGroup;
			children = (
				1F6F9646256FEB3900C162CD /* JSON */,
				1F6F9658256FEB4100C162CD /* JSONTests */,
				1F6F9663256FEB4100C162CD /* JSONUITests */,
				1F6F9645256FEB3900C162CD /* Products */,
			);
			sourceTree = "<group>";
		};
		1F6F9645256FEB3900C162CD /* Products */ = {
			isa = PBXGroup;
			children = (
				1F6F9644256FEB3900C162CD /* JSON.app */,
				1F6F9655256FEB4100C162CD /* JSONTests.xctest */,
				1F6F9660256FEB4100C162CD /* JSONUITests.xctest */,
			);
			name = Products;
			sourceTree = "<group>";
		};
		1F6F9646256FEB3900C162CD /* JSON */ = {
			isa = PBXGroup;
			children = (
				1F6F9647256FEB3900C162CD /* JSONApp.swift */,
				1F6F9649256FEB3900C162CD /* ContentView.swift */,
				1F6F964B256FEB4000C162CD /* Assets.xcassets */,
				1F6F9650256FEB4000C162CD /* Info.plist */,
				1F6F964D256FEB4000C162CD /* Preview Content */,
			);
			path = JSON;
			sourceTree = "<group>";
		};
		1F6F964D256FEB4000C162CD /* Preview Content */ = {
			isa = PBXGroup;
			children = (
				1F6F964E256FEB4000C162CD /* Preview Assets.xcassets */,
			);
			path = "Preview Content";
			sourceTree = "<group>";
		};
		1F6F9658256FEB4100C162CD /* JSONTests */ = {
			isa = PBXGroup;
			children = (
				1F6F9659256FEB4100C162CD /* JSONTests.swift */,
				1F6F965B256FEB4100C162CD /* Info.plist */,
			);
			path = JSONTests;
			sourceTree = "<group>";
		};
		1F6F9663256FEB4100C162CD /* JSONUITests */ = {
			isa = PBXGroup;
			children = (
				1F6F9664256FEB4100C162CD /* JSONUITests.swift */,
				1F6F9666256FEB4100C162CD /* Info.plist */,
			);
			path = JSONUITests;
			sourceTree = "<group>";
		};
/* End PBXGroup section */

/* Begin PBXNativeTarget section */
		1F6F9643256FEB3900C162CD /* JSON */ = {
			isa = PBXNativeTarget;
			buildConfigurationList = 1F6F9669256FEB4100C162CD /* Build configuration list for PBXNativeTarget "JSON" */;
			buildPhases = (
				1F6F9640256FEB3900C162CD /* Sources */,
				1F6F9641256FEB3900C162CD /* Frameworks */,
				1F6F9642256FEB3900C162CD /* Resources */,
			);
			buildRules = (
			);
			dependencies = (
			);
			name = JSON;
			productName = JSON;
			productReference = 1F6F9644256FEB3900C162CD /* JSON.app */;
			productType = "com.apple.product-type.application";
		};
		1F6F9654256FEB4100C162CD /* JSONTests */ = {
			isa = PBXNativeTarget;
			buildConfigurationList = 1F6F966C256FEB4100C162CD /* Build configuration list for PBXNativeTarget "JSONTests" */;
			buildPhases = (
				1F6F9651256FEB4100C162CD /* Sources */,
				1F6F9652256FEB4100C162CD /* Frameworks */,
				1F6F9653256FEB4100C162CD /* Resources */,
			);
			buildRules = (
			);
			dependencies = (
				1F6F9657256FEB4100C162CD /* PBXTargetDependency */,
			);
			name = JSONTests;
			productName = JSONTests;
			productReference = 1F6F9655256FEB4100C162CD /* JSONTests.xctest */;
			productType = "com.apple.product-type.bundle.unit-test";
		};
		1F6F965F256FEB4100C162CD /* JSONUITests */ = {
			isa = PBXNativeTarget;
			buildConfigurationList = 1F6F966F256FEB4100C162CD /* Build configuration list for PBXNativeTarget "JSONUITests" */;
			buildPhases = (
				1F6F965C256FEB4100C162CD /* Sources */,
				1F6F965D256FEB4100C162CD /* Frameworks */,
				1F6F965E256FEB4100C162CD /* Resources */,
			);
			buildRules = (
			);
			dependencies = (
				1F6F9662256FEB4100C162CD /* PBXTargetDependency */,
			);
			name = JSONUITests;
			productName = JSONUITests;
			productReference = 1F6F9660256FEB4100C162CD /* JSONUITests.xctest */;
			productType = "com.apple.product-type.bundle.ui-testing";
		};
/* End PBXNativeTarget section */

/* Begin PBXProject section */
		1F6F963C256FEB3900C162CD /* Project object */ = {
			isa = PBXProject;
			attributes = {
				LastSwiftUpdateCheck = 1210;
				LastUpgradeCheck = 1210;
				TargetAttributes = {
					1F6F9643256FEB3900C162CD = {
						CreatedOnToolsVersion = 12.1;
					};
					1F6F9654256FEB4100C162CD = {
						CreatedOnToolsVersion = 12.1;
						TestTargetID = 1F6F9643256FEB3900C162CD;
					};
					1F6F965F256FEB4100C162CD = {
						CreatedOnToolsVersion = 12.1;
						TestTargetID = 1F6F9643256FEB3900C162CD;
					};
				};
			};
			buildConfigurationList = 1F6F963F256FEB3900C162CD /* Build configuration list for PBXProject "JSON" */;
			compatibilityVersion = "Xcode 9.3";
			developmentRegion = en;
			hasScannedForEncodings = 0;
			knownRegions = (
				en,
				Base,
			);
			mainGroup = 1F6F963B256FEB3900C162CD;
			productRefGroup = 1F6F9645256FEB3900C162CD /* Products */;
			projectDirPath = "";
			projectRoot = "";
			targets = (
				1F6F9643256FEB3900C162CD /* JSON */,
				1F6F9654256FEB4100C162CD /* JSONTests */,
				1F6F965F256FEB4100C162CD /* JSONUITests */,
			);
		};
/* End PBXProject section */

/* Begin PBXResourcesBuildPhase section */
		1F6F9642256FEB3900C162CD /* Resources */ = {
			isa = PBXResourcesBuildPhase;
			buildActionMask = 2147483647;
			files = (
				1F6F964F256FEB4000C162CD /* Preview Assets.xcassets in Resources */,
				1F6F964C256FEB4000C162CD /* Assets.xcassets in Resources */,
			);
			runOnlyForDeploymentPostprocessing = 0;
		};
		1F6F9653256FEB4100C162CD /* Resources */ = {
			isa = PBXResourcesBuildPhase;
			buildActionMask = 2147483647;
			files = (
			);
			runOnlyForDeploymentPostprocessing = 0;
		};
		1F6F965E256FEB4100C162CD /* Resources */ = {
			isa = PBXResourcesBuildPhase;
			buildActionMask = 2147483647;
			files = (
			);
			runOnlyForDeploymentPostprocessing = 0;
		};
/* End PBXResourcesBuildPhase section */

/* Begin PBXSourcesBuildPhase section */
		1F6F9640256FEB3900C162CD /* Sources */ = {
			isa = PBXSourcesBuildPhase;
			buildActionMask = 2147483647;
			files = (
				1F6F964A256FEB3900C162CD /* ContentView.swift in Sources */,
				1F6F9648256FEB3900C162CD /* JSONApp.swift in Sources */,
			);
			runOnlyForDeploymentPostprocessing = 0;
		};
		1F6F9651256FEB4100C162CD /* Sources */ = {
			isa = PBXSourcesBuildPhase;
			buildActionMask = 2147483647;
			files = (
				1F6F965A256FEB4100C162CD /* JSONTests.swift in Sources */,
			);
			runOnlyForDeploymentPostprocessing = 0;
		};
		1F6F965C256FEB4100C162CD /* Sources */ = {
			isa = PBXSourcesBuildPhase;
			buildActionMask = 2147483647;
			files = (
				1F6F9665256FEB4100C162CD /* JSONUITests.swift in Sources */,
			);
			runOnlyForDeploymentPostprocessing = 0;
		};
/* End PBXSourcesBuildPhase section */

/* Begin PBXTargetDependency section */
		1F6F9657256FEB4100C162CD /* PBXTargetDependency */ = {
			isa = PBXTargetDependency;
			target = 1F6F9643256FEB3900C162CD /* JSON */;
			targetProxy = 1F6F9656256FEB4100C162CD /* PBXContainerItemProxy */;
		};
		1F6F9662256FEB4100C162CD /* PBXTargetDependency */ = {
			isa = PBXTargetDependency;
			target = 1F6F9643256FEB3900C162CD /* JSON */;
			targetProxy = 1F6F9661256FEB4100C162CD /* PBXContainerItemProxy */;
		};
/* End PBXTargetDependency section */

/* Begin XCBuildConfiguration section */
		1F6F9667256FEB4100C162CD /* Debug */ = {
			isa = XCBuildConfiguration;
			buildSettings = {
				ALWAYS_SEARCH_USER_PATHS = NO;
				CLANG_ANALYZER_NONNULL = YES;
				CLANG_ANALYZER_NUMBER_OBJECT_CONVERSION = YES_AGGRESSIVE;
				CLANG_CXX_LANGUAGE_STANDARD = "gnu++14";
				CLANG_CXX_LIBRARY = "libc++";
				CLANG_ENABLE_MODULES = YES;
				CLANG_ENABLE_OBJC_ARC = YES;
				CLANG_ENABLE_OBJC_WEAK = YES;
				CLANG_WARN_BLOCK_CAPTURE_AUTORELEASING = YES;
				CLANG_WARN_BOOL_CONVERSION = YES;
				CLANG_WARN_COMMA = YES;
				CLANG_WARN_CONSTANT_CONVERSION = YES;
				CLANG_WARN_DEPRECATED_OBJC_IMPLEMENTATIONS = YES;
				CLANG_WARN_DIRECT_OBJC_ISA_USAGE = YES_ERROR;
				CLANG_WARN_DOCUMENTATION_COMMENTS = YES;
				CLANG_WARN_EMPTY_BODY = YES;
				CLANG_WARN_ENUM_CONVERSION = YES;
				CLANG_WARN_INFINITE_RECURSION = YES;
				CLANG_WARN_INT_CONVERSION = YES;
				CLANG_WARN_NON_LITERAL_NULL_CONVERSION = YES;
				CLANG_WARN_OBJC_IMPLICIT_RETAIN_SELF = YES;
				CLANG_WARN_OBJC_LITERAL_CONVERSION = YES;
				CLANG_WARN_OBJC_ROOT_CLASS = YES_ERROR;
				CLANG_WARN_QUOTED_INCLUDE_IN_FRAMEWORK_HEADER = YES;
				CLANG_WARN_RANGE_LOOP_ANALYSIS = YES;
				CLANG_WARN_STRICT_PROTOTYPES = YES;
				CLANG_WARN_SUSPICIOUS_MOVE = YES;
				CLANG_WARN_UNGUARDED_AVAILABILITY = YES_AGGRESSIVE;
				CLANG_WARN_UNREACHABLE_CODE = YES;
				CLANG_WARN__DUPLICATE_METHOD_MATCH = YES;
				COPY_PHASE_STRIP = NO;
				DEBUG_INFORMATION_FORMAT = dwarf;
				ENABLE_STRICT_OBJC_MSGSEND = YES;
				ENABLE_TESTABILITY = YES;
				GCC_C_LANGUAGE_STANDARD = gnu11;
				GCC_DYNAMIC_NO_PIC = NO;
				GCC_NO_COMMON_BLOCKS = YES;
				GCC_OPTIMIZATION_LEVEL = 0;
				GCC_PREPROCESSOR_DEFINITIONS = (
					"DEBUG=1",
					"$(inherited)",
				);
				GCC_WARN_64_TO_32_BIT_CONVERSION = YES;
				GCC_WARN_ABOUT_RETURN_TYPE = YES_ERROR;
				GCC_WARN_UNDECLARED_SELECTOR = YES;
				GCC_WARN_UNINITIALIZED_AUTOS = YES_AGGRESSIVE;
				GCC_WARN_UNUSED_FUNCTION = YES;
				GCC_WARN_UNUSED_VARIABLE = YES;
				IPHONEOS_DEPLOYMENT_TARGET = 14.1;
				MTL_ENABLE_DEBUG_INFO = INCLUDE_SOURCE;
				MTL_FAST_MATH = YES;
				ONLY_ACTIVE_ARCH = YES;
				SDKROOT = iphoneos;
				SWIFT_ACTIVE_COMPILATION_CONDITIONS = DEBUG;
				SWIFT_OPTIMIZATION_LEVEL = "-Onone";
			};
			name = Debug;
		};
		1F6F9668256FEB4100C162CD /* Release */ = {
			isa = XCBuildConfiguration;
			buildSettings = {
				ALWAYS_SEARCH_USER_PATHS = NO;
				CLANG_ANALYZER_NONNULL = YES;
				CLANG_ANALYZER_NUMBER_OBJECT_CONVERSION = YES_AGGRESSIVE;
				CLANG_CXX_LANGUAGE_STANDARD = "gnu++14";
				CLANG_CXX_LIBRARY = "libc++";
				CLANG_ENABLE_MODULES = YES;
				CLANG_ENABLE_OBJC_ARC = YES;
				CLANG_ENABLE_OBJC_WEAK = YES;
				CLANG_WARN_BLOCK_CAPTURE_AUTORELEASING = YES;
				CLANG_WARN_BOOL_CONVERSION = YES;
				CLANG_WARN_COMMA = YES;
				CLANG_WARN_CONSTANT_CONVERSION = YES;
				CLANG_WARN_DEPRECATED_OBJC_IMPLEMENTATIONS = YES;
				CLANG_WARN_DIRECT_OBJC_ISA_USAGE = YES_ERROR;
				CLANG_WARN_DOCUMENTATION_COMMENTS = YES;
				CLANG_WARN_EMPTY_BODY = YES;
				CLANG_WARN_ENUM_CONVERSION = YES;
				CLANG_WARN_INFINITE_RECURSION = YES;
				CLANG_WARN_INT_CONVERSION = YES;
				CLANG_WARN_NON_LITERAL_NULL_CONVERSION = YES;
				CLANG_WARN_OBJC_IMPLICIT_RETAIN_SELF = YES;
				CLANG_WARN_OBJC_LITERAL_CONVERSION = YES;
				CLANG_WARN_OBJC_ROOT_CLASS = YES_ERROR;
				CLANG_WARN_QUOTED_INCLUDE_IN_FRAMEWORK_HEADER = YES;
				CLANG_WARN_RANGE_LOOP_ANALYSIS = YES;
				CLANG_WARN_STRICT_PROTOTYPES = YES;
				CLANG_WARN_SUSPICIOUS_MOVE = YES;
				CLANG_WARN_UNGUARDED_AVAILABILITY = YES_AGGRESSIVE;
				CLANG_WARN_UNREACHABLE_CODE = YES;
				CLANG_WARN__DUPLICATE_METHOD_MATCH = YES;
				COPY_PHASE_STRIP = NO;
				DEBUG_INFORMATION_FORMAT = "dwarf-with-dsym";
				ENABLE_NS_ASSERTIONS = NO;
				ENABLE_STRICT_OBJC_MSGSEND = YES;
				GCC_C_LANGUAGE_STANDARD = gnu11;
				GCC_NO_COMMON_BLOCKS = YES;
				GCC_WARN_64_TO_32_BIT_CONVERSION = YES;
				GCC_WARN_ABOUT_RETURN_TYPE = YES_ERROR;
				GCC_WARN_UNDECLARED_SELECTOR = YES;
				GCC_WARN_UNINITIALIZED_AUTOS = YES_AGGRESSIVE;
				GCC_WARN_UNUSED_FUNCTION = YES;
				GCC_WARN_UNUSED_VARIABLE = YES;
				IPHONEOS_DEPLOYMENT_TARGET = 14.1;
				MTL_ENABLE_DEBUG_INFO = NO;
				MTL_FAST_MATH = YES;
				SDKROOT = iphoneos;
				SWIFT_COMPILATION_MODE = wholemodule;
				SWIFT_OPTIMIZATION_LEVEL = "-O";
				VALIDATE_PRODUCT = YES;
			};
			name = Release;
		};
		1F6F966A256FEB4100C162CD /* Debug */ = {
			isa = XCBuildConfiguration;
			buildSettings = {
				ASSETCATALOG_COMPILER_APPICON_NAME = AppIcon;
				ASSETCATALOG_COMPILER_GLOBAL_ACCENT_COLOR_NAME = AccentColor;
				CODE_SIGN_STYLE = Automatic;
				DEVELOPMENT_ASSET_PATHS = "\"JSON/Preview Content\"";
				DEVELOPMENT_TEAM = 3Z7L7VS352;
				ENABLE_PREVIEWS = YES;
				INFOPLIST_FILE = JSON/Info.plist;
				IPHONEOS_DEPLOYMENT_TARGET = 14.0;
				LD_RUNPATH_SEARCH_PATHS = (
					"$(inherited)",
					"@executable_path/Frameworks",
				);
				PRODUCT_BUNDLE_IDENTIFIER = ca.andreasliebich.JSON;
				PRODUCT_NAME = "$(TARGET_NAME)";
				SWIFT_VERSION = 5.0;
				TARGETED_DEVICE_FAMILY = "1,2";
			};
			name = Debug;
		};
		1F6F966B256FEB4100C162CD /* Release */ = {
			isa = XCBuildConfiguration;
			buildSettings = {
				ASSETCATALOG_COMPILER_APPICON_NAME = AppIcon;
				ASSETCATALOG_COMPILER_GLOBAL_ACCENT_COLOR_NAME = AccentColor;
				CODE_SIGN_STYLE = Automatic;
				DEVELOPMENT_ASSET_PATHS = "\"JSON/Preview Content\"";
				DEVELOPMENT_TEAM = 3Z7L7VS352;
				ENABLE_PREVIEWS = YES;
				INFOPLIST_FILE = JSON/Info.plist;
				IPHONEOS_DEPLOYMENT_TARGET = 14.0;
				LD_RUNPATH_SEARCH_PATHS = (
					"$(inherited)",
					"@executable_path/Frameworks",
				);
				PRODUCT_BUNDLE_IDENTIFIER = ca.andreasliebich.JSON;
				PRODUCT_NAME = "$(TARGET_NAME)";
				SWIFT_VERSION = 5.0;
				TARGETED_DEVICE_FAMILY = "1,2";
			};
			name = Release;
		};
		1F6F966D256FEB4100C162CD /* Debug */ = {
			isa = XCBuildConfiguration;
			buildSettings = {
				ALWAYS_EMBED_SWIFT_STANDARD_LIBRARIES = YES;
				BUNDLE_LOADER = "$(TEST_HOST)";
				CODE_SIGN_STYLE = Automatic;
				DEVELOPMENT_TEAM = 3Z7L7VS352;
				INFOPLIST_FILE = JSONTests/Info.plist;
				IPHONEOS_DEPLOYMENT_TARGET = 14.0;
				LD_RUNPATH_SEARCH_PATHS = (
					"$(inherited)",
					"@executable_path/Frameworks",
					"@loader_path/Frameworks",
				);
				PRODUCT_BUNDLE_IDENTIFIER = ca.andreasliebich.JSONTests;
				PRODUCT_NAME = "$(TARGET_NAME)";
				SWIFT_VERSION = 5.0;
				TARGETED_DEVICE_FAMILY = "1,2";
				TEST_HOST = "$(BUILT_PRODUCTS_DIR)/JSON.app/JSON";
			};
			name = Debug;
		};
		1F6F966E256FEB4100C162CD /* Release */ = {
			isa = XCBuildConfiguration;
			buildSettings = {
				ALWAYS_EMBED_SWIFT_STANDARD_LIBRARIES = YES;
				BUNDLE_LOADER = "$(TEST_HOST)";
				CODE_SIGN_STYLE = Automatic;
				DEVELOPMENT_TEAM = 3Z7L7VS352;
				INFOPLIST_FILE = JSONTests/Info.plist;
				IPHONEOS_DEPLOYMENT_TARGET = 14.0;
				LD_RUNPATH_SEARCH_PATHS = (
					"$(inherited)",
					"@executable_path/Frameworks",
					"@loader_path/Frameworks",
				);
				PRODUCT_BUNDLE_IDENTIFIER = ca.andreasliebich.JSONTests;
				PRODUCT_NAME = "$(TARGET_NAME)";
				SWIFT_VERSION = 5.0;
				TARGETED_DEVICE_FAMILY = "1,2";
				TEST_HOST = "$(BUILT_PRODUCTS_DIR)/JSON.app/JSON";
			};
			name = Release;
		};
		1F6F9670256FEB4100C162CD /* Debug */ = {
			isa = XCBuildConfiguration;
			buildSettings = {
				ALWAYS_EMBED_SWIFT_STANDARD_LIBRARIES = YES;
				CODE_SIGN_STYLE = Automatic;
				DEVELOPMENT_TEAM = 3Z7L7VS352;
				INFOPLIST_FILE = JSONUITests/Info.plist;
				LD_RUNPATH_SEARCH_PATHS = (
					"$(inherited)",
					"@executable_path/Frameworks",
					"@loader_path/Frameworks",
				);
				PRODUCT_BUNDLE_IDENTIFIER = ca.andreasliebich.JSONUITests;
				PRODUCT_NAME = "$(TARGET_NAME)";
				SWIFT_VERSION = 5.0;
				TARGETED_DEVICE_FAMILY = "1,2";
				TEST_TARGET_NAME = JSON;
			};
			name = Debug;
		};
		1F6F9671256FEB4100C162CD /* Release */ = {
			isa = XCBuildConfiguration;
			buildSettings = {
				ALWAYS_EMBED_SWIFT_STANDARD_LIBRARIES = YES;
				CODE_SIGN_STYLE = Automatic;
				DEVELOPMENT_TEAM = 3Z7L7VS352;
				INFOPLIST_FILE = JSONUITests/Info.plist;
				LD_RUNPATH_SEARCH_PATHS = (
					"$(inherited)",
					"@executable_path/Frameworks",
					"@loader_path/Frameworks",
				);
				PRODUCT_BUNDLE_IDENTIFIER = ca.andreasliebich.JSONUITests;
				PRODUCT_NAME = "$(TARGET_NAME)";
				SWIFT_VERSION = 5.0;
				TARGETED_DEVICE_FAMILY = "1,2";
				TEST_TARGET_NAME = JSON;
			};
			name = Release;
		};
/* End XCBuildConfiguration section */

/* Begin XCConfigurationList section */
		1F6F963F256FEB3900C162CD /* Build configuration list for PBXProject "JSON" */ = {
			isa = XCConfigurationList;
			buildConfigurations = (
				1F6F9667256FEB4100C162CD /* Debug */,
				1F6F9668256FEB4100C162CD /* Release */,
			);
			defaultConfigurationIsVisible = 0;
			defaultConfigurationName = Release;
		};
		1F6F9669256FEB4100C162CD /* Build configuration list for PBXNativeTarget "JSON" */ = {
			isa = XCConfigurationList;
			buildConfigurations = (
				1F6F966A256FEB4100C162CD /* Debug */,
				1F6F966B256FEB4100C162CD /* Release */,
			);
			defaultConfigurationIsVisible = 0;
			defaultConfigurationName = Release;
		};
		1F6F966C256FEB4100C162CD /* Build configuration list for PBXNativeTarget "JSONTests" */ = {
			isa = XCConfigurationList;
			buildConfigurations = (
				1F6F966D256FEB4100C162CD /* Debug */,
				1F6F966E256FEB4100C162CD /* Release */,
			);
			defaultConfigurationIsVisible = 0;
			defaultConfigurationName = Release;
		};
		1F6F966F256FEB4100C162CD /* Build configuration list for PBXNativeTarget "JSONUITests" */ = {
			isa = XCConfigurationList;
			buildConfigurations = (
				1F6F9670256FEB4100C162CD /* Debug */,
				1F6F9671256FEB4100C162CD /* Release */,
			);
			defaultConfigurationIsVisible = 0;
			defaultConfigurationName = Release;
		};
/* End XCConfigurationList section */
	};
	rootObject = 1F6F963C256FEB3900C162CD /* Project object */;
}
